
Microsoft Visual Studio Solution File, Format Version 12.00
# Visual Studio 14
VisualStudioVersion = 14.0.25420.1
MinimumVisualStudioVersion = 10.0.40219.1
Project("{FAE04EC0-301F-11D3-BF4B-00C04F79EFBC}") = "XamarinFormsAnimatedSplashscreen", "XamarinFormsAnimatedSplashscreen\XamarinFormsAnimatedSplashscreen\XamarinFormsAnimatedSplashscreen.csproj", "{693A7787-7910-4342-BA9C-DEDC4D0565DB}"
EndProject
Project("{FAE04EC0-301F-11D3-BF4B-00C04F79EFBC}") = "XamarinFormsAnimatedSplashscreen.Droid", "XamarinFormsAnimatedSplashscreen\XamarinFormsAnimatedSplashscreen.Droid\XamarinFormsAnimatedSplashscreen.Droid.csproj", "{6870DA9A-30E9-4646-A265-4F3B0377D594}"
EndProject
Project("{FAE04EC0-301F-11D3-BF4B-00C04F79EFBC}") = "XamarinFormsAnimatedSplashscreen.iOS", "XamarinFormsAnimatedSplashscreen\XamarinFormsAnimatedSplashscreen.iOS\XamarinFormsAnimatedSplashscreen.iOS.csproj", "{737EF25C-4965-4525-96AB-32FBD809F41D}"
EndProject
Global
	GlobalSection(SolutionConfigurationPlatforms) = preSolution
		Ad-Hoc|Any CPU = Ad-Hoc|Any CPU
		Ad-Hoc|iPhone = Ad-Hoc|iPhone
		Ad-Hoc|iPhoneSimulator = Ad-Hoc|iPhoneSimulator
		AppStore|Any CPU = AppStore|Any CPU
		AppStore|iPhone = AppStore|iPhone
		AppStore|iPhoneSimulator = AppStore|iPhoneSimulator
		Debug|Any CPU = Debug|Any CPU
		Debug|iPhone = Debug|iPhone
		Debug|iPhoneSimulator = Debug|iPhoneSimulator
		Release|Any CPU = Release|Any CPU
		Release|iPhone = Release|iPhone
		Release|iPhoneSimulator = Release|iPhoneSimulator
	EndGlobalSection
	GlobalSection(ProjectConfigurationPlatforms) = postSolution
		{693A7787-7910-4342-BA9C-DEDC4D0565DB}.Ad-Hoc|Any CPU.ActiveCfg = Release|Any CPU
		{693A7787-7910-4342-BA9C-DEDC4D0565DB}.Ad-Hoc|Any CPU.Build.0 = Release|Any CPU
		{693A7787-7910-4342-BA9C-DEDC4D0565DB}.Ad-Hoc|iPhone.ActiveCfg = Release|Any CPU
		{693A7787-7910-4342-BA9C-DEDC4D0565DB}.Ad-Hoc|iPhone.Build.0 = Release|Any CPU
		{693A7787-7910-4342-BA9C-DEDC4D0565DB}.Ad-Hoc|iPhoneSimulator.ActiveCfg = Release|Any CPU
		{693A7787-7910-4342-BA9C-DEDC4D0565DB}.Ad-Hoc|iPhoneSimulator.Build.0 = Release|Any CPU
		{693A7787-7910-4342-BA9C-DEDC4D0565DB}.AppStore|Any CPU.ActiveCfg = Release|Any CPU
		{693A7787-7910-4342-BA9C-DEDC4D0565DB}.AppStore|Any CPU.Build.0 = Release|Any CPU
		{693A7787-7910-4342-BA9C-DEDC4D0565DB}.AppStore|iPhone.ActiveCfg = Release|Any CPU
		{693A7787-7910-4342-BA9C-DEDC4D0565DB}.AppStore|iPhone.Build.0 = Release|Any CPU
		{693A7787-7910-4342-BA9C-DEDC4D0565DB}.AppStore|iPhoneSimulator.ActiveCfg = Release|Any CPU
		{693A7787-7910-4342-BA9C-DEDC4D0565DB}.AppStore|iPhoneSimulator.Build.0 = Release|Any CPU
		{693A7787-7910-4342-BA9C-DEDC4D0565DB}.Debug|Any CPU.ActiveCfg = Debug|Any CPU
		{693A7787-7910-4342-BA9C-DEDC4D0565DB}.Debug|Any CPU.Build.0 = Debug|Any CPU
		{693A7787-7910-4342-BA9C-DEDC4D0565DB}.Debug|iPhone.ActiveCfg = Debug|Any CPU
		{693A7787-7910-4342-BA9C-DEDC4D0565DB}.Debug|iPhone.Build.0 = Debug|Any CPU
		{693A7787-7910-4342-BA9C-DEDC4D0565DB}.Debug|iPhoneSimulator.ActiveCfg = Debug|Any CPU
		{693A7787-7910-4342-BA9C-DEDC4D0565DB}.Debug|iPhoneSimulator.Build.0 = Debug|Any CPU
		{693A7787-7910-4342-BA9C-DEDC4D0565DB}.Release|Any CPU.ActiveCfg = Release|Any CPU
		{693A7787-7910-4342-BA9C-DEDC4D0565DB}.Release|Any CPU.Build.0 = Release|Any CPU
		{693A7787-7910-4342-BA9C-DEDC4D0565DB}.Release|iPhone.ActiveCfg = Release|Any CPU
		{693A7787-7910-4342-BA9C-DEDC4D0565DB}.Release|iPhone.Build.0 = Release|Any CPU
		{693A7787-7910-4342-BA9C-DEDC4D0565DB}.Release|iPhoneSimulator.ActiveCfg = Release|Any CPU
		{693A7787-7910-4342-BA9C-DEDC4D0565DB}.Release|iPhoneSimulator.Build.0 = Release|Any CPU
		{6870DA9A-30E9-4646-A265-4F3B0377D594}.Ad-Hoc|Any CPU.ActiveCfg = Release|Any CPU
		{6870DA9A-30E9-4646-A265-4F3B0377D594}.Ad-Hoc|Any CPU.Build.0 = Release|Any CPU
		{6870DA9A-30E9-4646-A265-4F3B0377D594}.Ad-Hoc|Any CPU.Deploy.0 = Release|Any CPU
		{6870DA9A-30E9-4646-A265-4F3B0377D594}.Ad-Hoc|iPhone.ActiveCfg = Release|Any CPU
		{6870DA9A-30E9-4646-A265-4F3B0377D594}.Ad-Hoc|iPhone.Build.0 = Release|Any CPU
		{6870DA9A-30E9-4646-A265-4F3B0377D594}.Ad-Hoc|iPhone.Deploy.0 = Release|Any CPU
		{6870DA9A-30E9-4646-A265-4F3B0377D594}.Ad-Hoc|iPhoneSimulator.ActiveCfg = Release|Any CPU
		{6870DA9A-30E9-4646-A265-4F3B0377D594}.Ad-Hoc|iPhoneSimulator.Build.0 = Release|Any CPU
		{6870DA9A-30E9-4646-A265-4F3B0377D594}.Ad-Hoc|iPhoneSimulator.Deploy.0 = Release|Any CPU
		{6870DA9A-30E9-4646-A265-4F3B0377D594}.AppStore|Any CPU.ActiveCfg = Release|Any CPU
		{6870DA9A-30E9-4646-A265-4F3B0377D594}.AppStore|Any CPU.Build.0 = Release|Any CPU
		{6870DA9A-30E9-4646-A265-4F3B0377D594}.AppStore|Any CPU.Deploy.0 = Release|Any CPU
		{6870DA9A-30E9-4646-A265-4F3B0377D594}.AppStore|iPhone.ActiveCfg = Release|Any CPU
		{6870DA9A-30E9-4646-A265-4F3B0377D594}.AppStore|iPhone.Build.0 = Release|Any CPU
		{6870DA9A-30E9-4646-A265-4F3B0377D594}.AppStore|iPhone.Deploy.0 = Release|Any CPU
		{6870DA9A-30E9-4646-A265-4F3B0377D594}.AppStore|iPhoneSimulator.ActiveCfg = Release|Any CPU
		{6870DA9A-30E9-4646-A265-4F3B0377D594}.AppStore|iPhoneSimulator.Build.0 = Release|Any CPU
		{6870DA9A-30E9-4646-A265-4F3B0377D594}.AppStore|iPhoneSimulator.Deploy.0 = Release|Any CPU
		{6870DA9A-30E9-4646-A265-4F3B0377D594}.Debug|Any CPU.ActiveCfg = Debug|Any CPU
		{6870DA9A-30E9-4646-A265-4F3B0377D594}.Debug|Any CPU.Build.0 = Debug|Any CPU
		{6870DA9A-30E9-4646-A265-4F3B0377D594}.Debug|Any CPU.Deploy.0 = Debug|Any CPU
		{6870DA9A-30E9-4646-A265-4F3B0377D594}.Debug|iPhone.ActiveCfg = Debug|Any CPU
		{6870DA9A-30E9-4646-A265-4F3B0377D594}.Debug|iPhone.Build.0 = Debug|Any CPU
		{6870DA9A-30E9-4646-A265-4F3B0377D594}.Debug|iPhone.Deploy.0 = Debug|Any CPU
		{6870DA9A-30E9-4646-A265-4F3B0377D594}.Debug|iPhoneSimulator.ActiveCfg = Debug|Any CPU
		{6870DA9A-30E9-4646-A265-4F3B0377D594}.Debug|iPhoneSimulator.Build.0 = Debug|Any CPU
		{6870DA9A-30E9-4646-A265-4F3B0377D594}.Debug|iPhoneSimulator.Deploy.0 = Debug|Any CPU
		{6870DA9A-30E9-4646-A265-4F3B0377D594}.Release|Any CPU.ActiveCfg = Release|Any CPU
		{6870DA9A-30E9-4646-A265-4F3B0377D594}.Release|Any CPU.Build.0 = Release|Any CPU
		{6870DA9A-30E9-4646-A265-4F3B0377D594}.Release|Any CPU.Deploy.0 = Release|Any CPU
		{6870DA9A-30E9-4646-A265-4F3B0377D594}.Release|iPhone.ActiveCfg = Release|Any CPU
		{6870DA9A-30E9-4646-A265-4F3B0377D594}.Release|iPhone.Build.0 = Release|Any CPU
		{6870DA9A-30E9-4646-A265-4F3B0377D594}.Release|iPhone.Deploy.0 = Release|Any CPU
		{6870DA9A-30E9-4646-A265-4F3B0377D594}.Release|iPhoneSimulator.ActiveCfg = Release|Any CPU
		{6870DA9A-30E9-4646-A265-4F3B0377D594}.Release|iPhoneSimulator.Build.0 = Release|Any CPU
		{6870DA9A-30E9-4646-A265-4F3B0377D594}.Release|iPhoneSimulator.Deploy.0 = Release|Any CPU
		{737EF25C-4965-4525-96AB-32FBD809F41D}.Ad-Hoc|Any CPU.ActiveCfg = Ad-Hoc|iPhone
		{737EF25C-4965-4525-96AB-32FBD809F41D}.Ad-Hoc|iPhone.ActiveCfg = Ad-Hoc|iPhone
		{737EF25C-4965-4525-96AB-32FBD809F41D}.Ad-Hoc|iPhone.Build.0 = Ad-Hoc|iPhone
		{737EF25C-4965-4525-96AB-32FBD809F41D}.Ad-Hoc|iPhoneSimulator.ActiveCfg = Ad-Hoc|iPhoneSimulator
		{737EF25C-4965-4525-96AB-32FBD809F41D}.Ad-Hoc|iPhoneSimulator.Build.0 = Ad-Hoc|iPhoneSimulator
		{737EF25C-4965-4525-96AB-32FBD809F41D}.AppStore|Any CPU.ActiveCfg = AppStore|iPhone
		{737EF25C-4965-4525-96AB-32FBD809F41D}.AppStore|iPhone.ActiveCfg = AppStore|iPhone
		{737EF25C-4965-4525-96AB-32FBD809F41D}.AppStore|iPhone.Build.0 = AppStore|iPhone
		{737EF25C-4965-4525-96AB-32FBD809F41D}.AppStore|iPhoneSimulator.ActiveCfg = AppStore|iPhoneSimulator
		{737EF25C-4965-4525-96AB-32FBD809F41D}.AppStore|iPhoneSimulator.Build.0 = AppStore|iPhoneSimulator
		{737EF25C-4965-4525-96AB-32FBD809F41D}.Debug|Any CPU.ActiveCfg = Debug|iPhone
		{737EF25C-4965-4525-96AB-32FBD809F41D}.Debug|iPhone.ActiveCfg = Debug|iPhone
		{737EF25C-4965-4525-96AB-32FBD809F41D}.Debug|iPhone.Build.0 = Debug|iPhone
		{737EF25C-4965-4525-96AB-32FBD809F41D}.Debug|iPhoneSimulator.ActiveCfg = Debug|iPhoneSimulator
		{737EF25C-4965-4525-96AB-32FBD809F41D}.Debug|iPhoneSimulator.Build.0 = Debug|iPhoneSimulator
		{737EF25C-4965-4525-96AB-32FBD809F41D}.Release|Any CPU.ActiveCfg = Release|iPhone
		{737EF25C-4965-4525-96AB-32FBD809F41D}.Release|iPhone.ActiveCfg = Release|iPhone
		{737EF25C-4965-4525-96AB-32FBD809F41D}.Release|iPhone.Build.0 = Release|iPhone
		{737EF25C-4965-4525-96AB-32FBD809F41D}.Release|iPhoneSimulator.ActiveCfg = Release|iPhoneSimulator
		{737EF25C-4965-4525-96AB-32FBD809F41D}.Release|iPhoneSimulator.Build.0 = Release|iPhoneSimulator
	EndGlobalSection
	GlobalSection(SolutionProperties) = preSolution
		HideSolutionNode = FALSE
	EndGlobalSection
EndGlobal
